// !$*UTF8*$!
{
	archiveVersion = 1;
	classes = {
	};
	objectVersion = 56;
	objects = {

/* Begin PBXBuildFile section */
		CA1C68D72A94D745006BDABA /* URLSessionExtensions.swift in Sources */ = {isa = PBXBuildFile; fileRef = CA1C68D62A94D745006BDABA /* URLSessionExtensions.swift */; };
		CA1C68D92A94DBC3006BDABA /* VideoDataManager.swift in Sources */ = {isa = PBXBuildFile; fileRef = CA1C68D82A94DBC3006BDABA /* VideoDataManager.swift */; };
		CA1C68DC2A94DE6E006BDABA /* videos.json in Resources */ = {isa = PBXBuildFile; fileRef = CA1C68DB2A94DE6E006BDABA /* videos.json */; };
		CA1C68DD2A94DE6E006BDABA /* videos.json in Resources */ = {isa = PBXBuildFile; fileRef = CA1C68DB2A94DE6E006BDABA /* videos.json */; };
		CA1C68DF2A94E002006BDABA /* ExternalVideo.swift in Sources */ = {isa = PBXBuildFile; fileRef = CA1C68DE2A94E002006BDABA /* ExternalVideo.swift */; };
		CA2CC5282A68249400762943 /* Video.swift in Sources */ = {isa = PBXBuildFile; fileRef = CA2CC5272A68249400762943 /* Video.swift */; };
		CA66B1052A9E0BF4008FC3C7 /* CreateAccount.swift in Sources */ = {isa = PBXBuildFile; fileRef = CA66B1042A9E0BF4008FC3C7 /* CreateAccount.swift */; };
		CA66B1072A9E0C14008FC3C7 /* Interests.swift in Sources */ = {isa = PBXBuildFile; fileRef = CA66B1062A9E0C14008FC3C7 /* Interests.swift */; };
		CA66B10A2A9E0C8C008FC3C7 /* FooterView.swift in Sources */ = {isa = PBXBuildFile; fileRef = CA66B1092A9E0C8C008FC3C7 /* FooterView.swift */; };
		CA66B10E2A9E1065008FC3C7 /* CuentaColor.swift in Sources */ = {isa = PBXBuildFile; fileRef = CA66B10D2A9E1065008FC3C7 /* CuentaColor.swift */; };
		CA7208522A6AAFC20036C4DB /* OldContentView.swift in Sources */ = {isa = PBXBuildFile; fileRef = CA7208512A6AAFC20036C4DB /* OldContentView.swift */; };
		CA7208542A6AAFE20036C4DB /* SettingsView.swift in Sources */ = {isa = PBXBuildFile; fileRef = CA7208532A6AAFE20036C4DB /* SettingsView.swift */; };
		CA7208562A6AB9850036C4DB /* MainView.swift in Sources */ = {isa = PBXBuildFile; fileRef = CAB476522A65820C0076FCB0 /* MainView.swift */; };
		CA7208582A6AD3AB0036C4DB /* AddView.swift in Sources */ = {isa = PBXBuildFile; fileRef = CA7208572A6AD3AB0036C4DB /* AddView.swift */; };
		CA79022B2A98C4A7002F4E60 /* SnapshotTesting in Frameworks */ = {isa = PBXBuildFile; productRef = CA79022A2A98C4A7002F4E60 /* SnapshotTesting */; };
		CA79022E2A98C5E8002F4E60 /* SnapshotTesting in Frameworks */ = {isa = PBXBuildFile; productRef = CA79022D2A98C5E8002F4E60 /* SnapshotTesting */; };
		CA9D96302A72D99C00EB23C5 /* DetailView.swift in Sources */ = {isa = PBXBuildFile; fileRef = CA9D962F2A72D99C00EB23C5 /* DetailView.swift */; };
		CA9D96332A73CFE600EB23C5 /* ArrayManager.swift in Sources */ = {isa = PBXBuildFile; fileRef = CA9D96322A73CFE600EB23C5 /* ArrayManager.swift */; };
		CA9D96352A74362D00EB23C5 /* ContentView.swift in Sources */ = {isa = PBXBuildFile; fileRef = CA9D96342A74362D00EB23C5 /* ContentView.swift */; };
		CAB476512A65820C0076FCB0 /* Cuenta_App.swift in Sources */ = {isa = PBXBuildFile; fileRef = CAB476502A65820C0076FCB0 /* Cuenta_App.swift */; };
		CAB476552A65820D0076FCB0 /* Assets.xcassets in Resources */ = {isa = PBXBuildFile; fileRef = CAB476542A65820D0076FCB0 /* Assets.xcassets */; };
		CAB476592A65820D0076FCB0 /* Preview Assets.xcassets in Resources */ = {isa = PBXBuildFile; fileRef = CAB476582A65820D0076FCB0 /* Preview Assets.xcassets */; };
		CAB476632A65820D0076FCB0 /* Cuenta_Tests.swift in Sources */ = {isa = PBXBuildFile; fileRef = CAB476622A65820D0076FCB0 /* Cuenta_Tests.swift */; };
		CAB4766D2A65820D0076FCB0 /* Cuenta_UITests.swift in Sources */ = {isa = PBXBuildFile; fileRef = CAB4766C2A65820D0076FCB0 /* Cuenta_UITests.swift */; };
		CAB4766F2A65820D0076FCB0 /* Cuenta_UITestsLaunchTests.swift in Sources */ = {isa = PBXBuildFile; fileRef = CAB4766E2A65820D0076FCB0 /* Cuenta_UITestsLaunchTests.swift */; };
		CAB738AB2A8CE70800B557A1 /* ItemRow.swift in Sources */ = {isa = PBXBuildFile; fileRef = CAB738AA2A8CE70800B557A1 /* ItemRow.swift */; };
		CAB738B02A8CF29000B557A1 /* HeaderView.swift in Sources */ = {isa = PBXBuildFile; fileRef = CAB738AC2A8CE82F00B557A1 /* HeaderView.swift */; };
		CAB738B22A8CF31A00B557A1 /* ItemDetail.swift in Sources */ = {isa = PBXBuildFile; fileRef = CAB738B12A8CF31A00B557A1 /* ItemDetail.swift */; };
		CAB738B42A8D0E6900B557A1 /* VideoStorage.swift in Sources */ = {isa = PBXBuildFile; fileRef = CAB738B32A8D0E6900B557A1 /* VideoStorage.swift */; };
/* End PBXBuildFile section */

/* Begin PBXContainerItemProxy section */
		CAB4765F2A65820D0076FCB0 /* PBXContainerItemProxy */ = {
			isa = PBXContainerItemProxy;
			containerPortal = CAB476452A65820C0076FCB0 /* Project object */;
			proxyType = 1;
			remoteGlobalIDString = CAB4764C2A65820C0076FCB0;
			remoteInfo = "Cuenta+";
		};
		CAB476692A65820D0076FCB0 /* PBXContainerItemProxy */ = {
			isa = PBXContainerItemProxy;
			containerPortal = CAB476452A65820C0076FCB0 /* Project object */;
			proxyType = 1;
			remoteGlobalIDString = CAB4764C2A65820C0076FCB0;
			remoteInfo = "Cuenta+";
		};
/* End PBXContainerItemProxy section */

/* Begin PBXFileReference section */
		CA1C68D62A94D745006BDABA /* URLSessionExtensions.swift */ = {isa = PBXFileReference; lastKnownFileType = sourcecode.swift; path = URLSessionExtensions.swift; sourceTree = "<group>"; };
		CA1C68D82A94DBC3006BDABA /* VideoDataManager.swift */ = {isa = PBXFileReference; lastKnownFileType = sourcecode.swift; path = VideoDataManager.swift; sourceTree = "<group>"; };
		CA1C68DB2A94DE6E006BDABA /* videos.json */ = {isa = PBXFileReference; fileEncoding = 4; lastKnownFileType = text.json; path = videos.json; sourceTree = "<group>"; };
		CA1C68DE2A94E002006BDABA /* ExternalVideo.swift */ = {isa = PBXFileReference; lastKnownFileType = sourcecode.swift; path = ExternalVideo.swift; sourceTree = "<group>"; };
		CA2CC5272A68249400762943 /* Video.swift */ = {isa = PBXFileReference; lastKnownFileType = sourcecode.swift; path = Video.swift; sourceTree = "<group>"; };
		CA66B1042A9E0BF4008FC3C7 /* CreateAccount.swift */ = {isa = PBXFileReference; lastKnownFileType = sourcecode.swift; path = CreateAccount.swift; sourceTree = "<group>"; };
		CA66B1062A9E0C14008FC3C7 /* Interests.swift */ = {isa = PBXFileReference; lastKnownFileType = sourcecode.swift; path = Interests.swift; sourceTree = "<group>"; };
		CA66B1092A9E0C8C008FC3C7 /* FooterView.swift */ = {isa = PBXFileReference; lastKnownFileType = sourcecode.swift; path = FooterView.swift; sourceTree = "<group>"; };
		CA66B10D2A9E1065008FC3C7 /* CuentaColor.swift */ = {isa = PBXFileReference; lastKnownFileType = sourcecode.swift; path = CuentaColor.swift; sourceTree = "<group>"; };
		CA7208512A6AAFC20036C4DB /* OldContentView.swift */ = {isa = PBXFileReference; lastKnownFileType = sourcecode.swift; path = OldContentView.swift; sourceTree = "<group>"; };
		CA7208532A6AAFE20036C4DB /* SettingsView.swift */ = {isa = PBXFileReference; lastKnownFileType = sourcecode.swift; path = SettingsView.swift; sourceTree = "<group>"; };
		CA7208572A6AD3AB0036C4DB /* AddView.swift */ = {isa = PBXFileReference; lastKnownFileType = sourcecode.swift; path = AddView.swift; sourceTree = "<group>"; };
		CA9D962F2A72D99C00EB23C5 /* DetailView.swift */ = {isa = PBXFileReference; lastKnownFileType = sourcecode.swift; path = DetailView.swift; sourceTree = "<group>"; };
		CA9D96322A73CFE600EB23C5 /* ArrayManager.swift */ = {isa = PBXFileReference; lastKnownFileType = sourcecode.swift; path = ArrayManager.swift; sourceTree = "<group>"; };
		CA9D96342A74362D00EB23C5 /* ContentView.swift */ = {isa = PBXFileReference; lastKnownFileType = sourcecode.swift; path = ContentView.swift; sourceTree = "<group>"; };
		CAB4764D2A65820C0076FCB0 /* Cuenta+.app */ = {isa = PBXFileReference; explicitFileType = wrapper.application; includeInIndex = 0; path = "Cuenta+.app"; sourceTree = BUILT_PRODUCTS_DIR; };
		CAB476502A65820C0076FCB0 /* Cuenta_App.swift */ = {isa = PBXFileReference; lastKnownFileType = sourcecode.swift; path = Cuenta_App.swift; sourceTree = "<group>"; };
		CAB476522A65820C0076FCB0 /* MainView.swift */ = {isa = PBXFileReference; lastKnownFileType = sourcecode.swift; path = MainView.swift; sourceTree = "<group>"; };
		CAB476542A65820D0076FCB0 /* Assets.xcassets */ = {isa = PBXFileReference; lastKnownFileType = folder.assetcatalog; path = Assets.xcassets; sourceTree = "<group>"; };
		CAB476562A65820D0076FCB0 /* Cuenta_.entitlements */ = {isa = PBXFileReference; lastKnownFileType = text.plist.entitlements; path = Cuenta_.entitlements; sourceTree = "<group>"; };
		CAB476582A65820D0076FCB0 /* Preview Assets.xcassets */ = {isa = PBXFileReference; lastKnownFileType = folder.assetcatalog; path = "Preview Assets.xcassets"; sourceTree = "<group>"; };
		CAB4765E2A65820D0076FCB0 /* Cuenta+Tests.xctest */ = {isa = PBXFileReference; explicitFileType = wrapper.cfbundle; includeInIndex = 0; path = "Cuenta+Tests.xctest"; sourceTree = BUILT_PRODUCTS_DIR; };
		CAB476622A65820D0076FCB0 /* Cuenta_Tests.swift */ = {isa = PBXFileReference; lastKnownFileType = sourcecode.swift; path = Cuenta_Tests.swift; sourceTree = "<group>"; };
		CAB476682A65820D0076FCB0 /* Cuenta+UITests.xctest */ = {isa = PBXFileReference; explicitFileType = wrapper.cfbundle; includeInIndex = 0; path = "Cuenta+UITests.xctest"; sourceTree = BUILT_PRODUCTS_DIR; };
		CAB4766C2A65820D0076FCB0 /* Cuenta_UITests.swift */ = {isa = PBXFileReference; lastKnownFileType = sourcecode.swift; path = Cuenta_UITests.swift; sourceTree = "<group>"; };
		CAB4766E2A65820D0076FCB0 /* Cuenta_UITestsLaunchTests.swift */ = {isa = PBXFileReference; lastKnownFileType = sourcecode.swift; path = Cuenta_UITestsLaunchTests.swift; sourceTree = "<group>"; };
		CAB738AA2A8CE70800B557A1 /* ItemRow.swift */ = {isa = PBXFileReference; lastKnownFileType = sourcecode.swift; path = ItemRow.swift; sourceTree = "<group>"; };
		CAB738AC2A8CE82F00B557A1 /* HeaderView.swift */ = {isa = PBXFileReference; lastKnownFileType = sourcecode.swift; path = HeaderView.swift; sourceTree = "<group>"; };
		CAB738B12A8CF31A00B557A1 /* ItemDetail.swift */ = {isa = PBXFileReference; lastKnownFileType = sourcecode.swift; path = ItemDetail.swift; sourceTree = "<group>"; };
		CAB738B32A8D0E6900B557A1 /* VideoStorage.swift */ = {isa = PBXFileReference; lastKnownFileType = sourcecode.swift; path = VideoStorage.swift; sourceTree = "<group>"; };
/* End PBXFileReference section */

/* Begin PBXFrameworksBuildPhase section */
		CAB4764A2A65820C0076FCB0 /* Frameworks */ = {
			isa = PBXFrameworksBuildPhase;
			buildActionMask = 2147483647;
			files = (
			);
			runOnlyForDeploymentPostprocessing = 0;
		};
		CAB4765B2A65820D0076FCB0 /* Frameworks */ = {
			isa = PBXFrameworksBuildPhase;
			buildActionMask = 2147483647;
			files = (
				CA79022B2A98C4A7002F4E60 /* SnapshotTesting in Frameworks */,
			);
			runOnlyForDeploymentPostprocessing = 0;
		};
		CAB476652A65820D0076FCB0 /* Frameworks */ = {
			isa = PBXFrameworksBuildPhase;
			buildActionMask = 2147483647;
			files = (
				CA79022E2A98C5E8002F4E60 /* SnapshotTesting in Frameworks */,
			);
			runOnlyForDeploymentPostprocessing = 0;
		};
/* End PBXFrameworksBuildPhase section */

/* Begin PBXGroup section */
		CA1C68D52A94D70B006BDABA /* Extensions */ = {
			isa = PBXGroup;
			children = (
				CA1C68D62A94D745006BDABA /* URLSessionExtensions.swift */,
			);
			path = Extensions;
			sourceTree = "<group>";
		};
		CA1C68DA2A94DCD9006BDABA /* Mocks */ = {
			isa = PBXGroup;
			children = (
				CA1C68DB2A94DE6E006BDABA /* videos.json */,
			);
			path = Mocks;
			sourceTree = "<group>";
		};
		CA2CC5262A68247D00762943 /* Models */ = {
			isa = PBXGroup;
			children = (
				CA2CC5272A68249400762943 /* Video.swift */,
				CAB738B32A8D0E6900B557A1 /* VideoStorage.swift */,
				CA1C68DE2A94E002006BDABA /* ExternalVideo.swift */,
				CA66B10D2A9E1065008FC3C7 /* CuentaColor.swift */,
			);
			path = Models;
			sourceTree = "<group>";
		};
		CA66B1082A9E0C4A008FC3C7 /* Intro */ = {
			isa = PBXGroup;
			children = (
				CA66B1042A9E0BF4008FC3C7 /* CreateAccount.swift */,
				CA66B1062A9E0C14008FC3C7 /* Interests.swift */,
				CA66B1092A9E0C8C008FC3C7 /* FooterView.swift */,
			);
			path = Intro;
			sourceTree = "<group>";
		};
		CA7208552A6AB90B0036C4DB /* Views */ = {
			isa = PBXGroup;
			children = (
				CA66B1082A9E0C4A008FC3C7 /* Intro */,
				CAB476522A65820C0076FCB0 /* MainView.swift */,
				CAB738AC2A8CE82F00B557A1 /* HeaderView.swift */,
				CAB738AA2A8CE70800B557A1 /* ItemRow.swift */,
				CA7208512A6AAFC20036C4DB /* OldContentView.swift */,
				CA7208532A6AAFE20036C4DB /* SettingsView.swift */,
				CA7208572A6AD3AB0036C4DB /* AddView.swift */,
				CA9D96342A74362D00EB23C5 /* ContentView.swift */,
				CA9D962F2A72D99C00EB23C5 /* DetailView.swift */,
				CAB738B12A8CF31A00B557A1 /* ItemDetail.swift */,
			);
			path = Views;
			sourceTree = "<group>";
		};
		CA79022C2A98C5E8002F4E60 /* Frameworks */ = {
			isa = PBXGroup;
			children = (
			);
			name = Frameworks;
			sourceTree = "<group>";
		};
		CA9D96312A73CFBD00EB23C5 /* Managers */ = {
			isa = PBXGroup;
			children = (
				CA9D96322A73CFE600EB23C5 /* ArrayManager.swift */,
				CA1C68D82A94DBC3006BDABA /* VideoDataManager.swift */,
			);
			path = Managers;
			sourceTree = "<group>";
		};
		CAB476442A65820C0076FCB0 = {
			isa = PBXGroup;
			children = (
				CAB4764F2A65820C0076FCB0 /* Cuenta+ */,
				CAB476612A65820D0076FCB0 /* Cuenta+Tests */,
				CAB4766B2A65820D0076FCB0 /* Cuenta+UITests */,
				CAB4764E2A65820C0076FCB0 /* Products */,
				CA79022C2A98C5E8002F4E60 /* Frameworks */,
			);
			sourceTree = "<group>";
		};
		CAB4764E2A65820C0076FCB0 /* Products */ = {
			isa = PBXGroup;
			children = (
				CAB4764D2A65820C0076FCB0 /* Cuenta+.app */,
				CAB4765E2A65820D0076FCB0 /* Cuenta+Tests.xctest */,
				CAB476682A65820D0076FCB0 /* Cuenta+UITests.xctest */,
			);
			name = Products;
			sourceTree = "<group>";
		};
		CAB4764F2A65820C0076FCB0 /* Cuenta+ */ = {
			isa = PBXGroup;
			children = (
				CA1C68DA2A94DCD9006BDABA /* Mocks */,
				CA1C68D52A94D70B006BDABA /* Extensions */,
				CA9D96312A73CFBD00EB23C5 /* Managers */,
				CA7208552A6AB90B0036C4DB /* Views */,
				CAB476502A65820C0076FCB0 /* Cuenta_App.swift */,
				CA2CC5262A68247D00762943 /* Models */,
				CAB476542A65820D0076FCB0 /* Assets.xcassets */,
				CAB476562A65820D0076FCB0 /* Cuenta_.entitlements */,
				CAB476572A65820D0076FCB0 /* Preview Content */,
			);
			path = "Cuenta+";
			sourceTree = "<group>";
		};
		CAB476572A65820D0076FCB0 /* Preview Content */ = {
			isa = PBXGroup;
			children = (
				CAB476582A65820D0076FCB0 /* Preview Assets.xcassets */,
			);
			path = "Preview Content";
			sourceTree = "<group>";
		};
		CAB476612A65820D0076FCB0 /* Cuenta+Tests */ = {
			isa = PBXGroup;
			children = (
				CAB476622A65820D0076FCB0 /* Cuenta_Tests.swift */,
			);
			path = "Cuenta+Tests";
			sourceTree = "<group>";
		};
		CAB4766B2A65820D0076FCB0 /* Cuenta+UITests */ = {
			isa = PBXGroup;
			children = (
				CAB4766C2A65820D0076FCB0 /* Cuenta_UITests.swift */,
				CAB4766E2A65820D0076FCB0 /* Cuenta_UITestsLaunchTests.swift */,
			);
			path = "Cuenta+UITests";
			sourceTree = "<group>";
		};
/* End PBXGroup section */

/* Begin PBXNativeTarget section */
		CAB4764C2A65820C0076FCB0 /* Cuenta+ */ = {
			isa = PBXNativeTarget;
			buildConfigurationList = CAB476722A65820D0076FCB0 /* Build configuration list for PBXNativeTarget "Cuenta+" */;
			buildPhases = (
				CAB476492A65820C0076FCB0 /* Sources */,
				CAB4764A2A65820C0076FCB0 /* Frameworks */,
				CAB4764B2A65820C0076FCB0 /* Resources */,
			);
			buildRules = (
			);
			dependencies = (
			);
			name = "Cuenta+";
			packageProductDependencies = (
			);
			productName = "Cuenta+";
			productReference = CAB4764D2A65820C0076FCB0 /* Cuenta+.app */;
			productType = "com.apple.product-type.application";
		};
		CAB4765D2A65820D0076FCB0 /* Cuenta+Tests */ = {
			isa = PBXNativeTarget;
			buildConfigurationList = CAB476752A65820D0076FCB0 /* Build configuration list for PBXNativeTarget "Cuenta+Tests" */;
			buildPhases = (
				CAB4765A2A65820D0076FCB0 /* Sources */,
				CAB4765B2A65820D0076FCB0 /* Frameworks */,
				CAB4765C2A65820D0076FCB0 /* Resources */,
			);
			buildRules = (
			);
			dependencies = (
				CAB476602A65820D0076FCB0 /* PBXTargetDependency */,
			);
			name = "Cuenta+Tests";
			packageProductDependencies = (
				CA79022A2A98C4A7002F4E60 /* SnapshotTesting */,
			);
			productName = "Cuenta+Tests";
			productReference = CAB4765E2A65820D0076FCB0 /* Cuenta+Tests.xctest */;
			productType = "com.apple.product-type.bundle.unit-test";
		};
		CAB476672A65820D0076FCB0 /* Cuenta+UITests */ = {
			isa = PBXNativeTarget;
			buildConfigurationList = CAB476782A65820D0076FCB0 /* Build configuration list for PBXNativeTarget "Cuenta+UITests" */;
			buildPhases = (
				CAB476642A65820D0076FCB0 /* Sources */,
				CAB476652A65820D0076FCB0 /* Frameworks */,
				CAB476662A65820D0076FCB0 /* Resources */,
			);
			buildRules = (
			);
			dependencies = (
				CAB4766A2A65820D0076FCB0 /* PBXTargetDependency */,
			);
			name = "Cuenta+UITests";
			packageProductDependencies = (
				CA79022D2A98C5E8002F4E60 /* SnapshotTesting */,
			);
			productName = "Cuenta+UITests";
			productReference = CAB476682A65820D0076FCB0 /* Cuenta+UITests.xctest */;
			productType = "com.apple.product-type.bundle.ui-testing";
		};
/* End PBXNativeTarget section */

/* Begin PBXProject section */
		CAB476452A65820C0076FCB0 /* Project object */ = {
			isa = PBXProject;
			attributes = {
				BuildIndependentTargetsInParallel = 1;
				LastSwiftUpdateCheck = 1430;
				LastUpgradeCheck = 1430;
				TargetAttributes = {
					CAB4764C2A65820C0076FCB0 = {
						CreatedOnToolsVersion = 14.3.1;
					};
					CAB4765D2A65820D0076FCB0 = {
						CreatedOnToolsVersion = 14.3.1;
						TestTargetID = CAB4764C2A65820C0076FCB0;
					};
					CAB476672A65820D0076FCB0 = {
						CreatedOnToolsVersion = 14.3.1;
						TestTargetID = CAB4764C2A65820C0076FCB0;
					};
				};
			};
			buildConfigurationList = CAB476482A65820C0076FCB0 /* Build configuration list for PBXProject "Cuenta+" */;
			compatibilityVersion = "Xcode 14.0";
			developmentRegion = en;
			hasScannedForEncodings = 0;
			knownRegions = (
				en,
				Base,
			);
			mainGroup = CAB476442A65820C0076FCB0;
			packageReferences = (
				CA7902292A98C4A7002F4E60 /* XCRemoteSwiftPackageReference "swift-snapshot-testing" */,
			);
			productRefGroup = CAB4764E2A65820C0076FCB0 /* Products */;
			projectDirPath = "";
			projectRoot = "";
			targets = (
				CAB4764C2A65820C0076FCB0 /* Cuenta+ */,
				CAB4765D2A65820D0076FCB0 /* Cuenta+Tests */,
				CAB476672A65820D0076FCB0 /* Cuenta+UITests */,
			);
		};
/* End PBXProject section */

/* Begin PBXResourcesBuildPhase section */
		CAB4764B2A65820C0076FCB0 /* Resources */ = {
			isa = PBXResourcesBuildPhase;
			buildActionMask = 2147483647;
			files = (
				CAB476592A65820D0076FCB0 /* Preview Assets.xcassets in Resources */,
				CAB476552A65820D0076FCB0 /* Assets.xcassets in Resources */,
				CA1C68DC2A94DE6E006BDABA /* videos.json in Resources */,
			);
			runOnlyForDeploymentPostprocessing = 0;
		};
		CAB4765C2A65820D0076FCB0 /* Resources */ = {
			isa = PBXResourcesBuildPhase;
			buildActionMask = 2147483647;
			files = (
				CA1C68DD2A94DE6E006BDABA /* videos.json in Resources */,
			);
			runOnlyForDeploymentPostprocessing = 0;
		};
		CAB476662A65820D0076FCB0 /* Resources */ = {
			isa = PBXResourcesBuildPhase;
			buildActionMask = 2147483647;
			files = (
			);
			runOnlyForDeploymentPostprocessing = 0;
		};
/* End PBXResourcesBuildPhase section */

/* Begin PBXSourcesBuildPhase section */
		CAB476492A65820C0076FCB0 /* Sources */ = {
			isa = PBXSourcesBuildPhase;
			buildActionMask = 2147483647;
			files = (
				CA66B10A2A9E0C8C008FC3C7 /* FooterView.swift in Sources */,
				CA7208542A6AAFE20036C4DB /* SettingsView.swift in Sources */,
				CA66B10E2A9E1065008FC3C7 /* CuentaColor.swift in Sources */,
				CA1C68D92A94DBC3006BDABA /* VideoDataManager.swift in Sources */,
				CAB738B22A8CF31A00B557A1 /* ItemDetail.swift in Sources */,
				CA1C68D72A94D745006BDABA /* URLSessionExtensions.swift in Sources */,
				CA2CC5282A68249400762943 /* Video.swift in Sources */,
				CA7208582A6AD3AB0036C4DB /* AddView.swift in Sources */,
				CA9D96302A72D99C00EB23C5 /* DetailView.swift in Sources */,
				CA7208522A6AAFC20036C4DB /* OldContentView.swift in Sources */,
				CA1C68DF2A94E002006BDABA /* ExternalVideo.swift in Sources */,
				CA9D96352A74362D00EB23C5 /* ContentView.swift in Sources */,
				CA7208562A6AB9850036C4DB /* MainView.swift in Sources */,
				CAB738B02A8CF29000B557A1 /* HeaderView.swift in Sources */,
				CAB738AB2A8CE70800B557A1 /* ItemRow.swift in Sources */,
				CAB738B42A8D0E6900B557A1 /* VideoStorage.swift in Sources */,
				CA66B1052A9E0BF4008FC3C7 /* CreateAccount.swift in Sources */,
				CAB476512A65820C0076FCB0 /* Cuenta_App.swift in Sources */,
				CA9D96332A73CFE600EB23C5 /* ArrayManager.swift in Sources */,
				CA66B1072A9E0C14008FC3C7 /* Interests.swift in Sources */,
			);
			runOnlyForDeploymentPostprocessing = 0;
		};
		CAB4765A2A65820D0076FCB0 /* Sources */ = {
			isa = PBXSourcesBuildPhase;
			buildActionMask = 2147483647;
			files = (
				CAB476632A65820D0076FCB0 /* Cuenta_Tests.swift in Sources */,
			);
			runOnlyForDeploymentPostprocessing = 0;
		};
		CAB476642A65820D0076FCB0 /* Sources */ = {
			isa = PBXSourcesBuildPhase;
			buildActionMask = 2147483647;
			files = (
				CAB4766F2A65820D0076FCB0 /* Cuenta_UITestsLaunchTests.swift in Sources */,
				CAB4766D2A65820D0076FCB0 /* Cuenta_UITests.swift in Sources */,
			);
			runOnlyForDeploymentPostprocessing = 0;
		};
/* End PBXSourcesBuildPhase section */

/* Begin PBXTargetDependency section */
		CAB476602A65820D0076FCB0 /* PBXTargetDependency */ = {
			isa = PBXTargetDependency;
			target = CAB4764C2A65820C0076FCB0 /* Cuenta+ */;
			targetProxy = CAB4765F2A65820D0076FCB0 /* PBXContainerItemProxy */;
		};
		CAB4766A2A65820D0076FCB0 /* PBXTargetDependency */ = {
			isa = PBXTargetDependency;
			target = CAB4764C2A65820C0076FCB0 /* Cuenta+ */;
			targetProxy = CAB476692A65820D0076FCB0 /* PBXContainerItemProxy */;
		};
/* End PBXTargetDependency section */

/* Begin XCBuildConfiguration section */
		CAB476702A65820D0076FCB0 /* Debug */ = {
			isa = XCBuildConfiguration;
			buildSettings = {
				ALWAYS_SEARCH_USER_PATHS = NO;
				CLANG_ANALYZER_NONNULL = YES;
				CLANG_ANALYZER_NUMBER_OBJECT_CONVERSION = YES_AGGRESSIVE;
				CLANG_CXX_LANGUAGE_STANDARD = "gnu++20";
				CLANG_ENABLE_MODULES = YES;
				CLANG_ENABLE_OBJC_ARC = YES;
				CLANG_ENABLE_OBJC_WEAK = YES;
				CLANG_WARN_BLOCK_CAPTURE_AUTORELEASING = YES;
				CLANG_WARN_BOOL_CONVERSION = YES;
				CLANG_WARN_COMMA = YES;
				CLANG_WARN_CONSTANT_CONVERSION = YES;
				CLANG_WARN_DEPRECATED_OBJC_IMPLEMENTATIONS = YES;
				CLANG_WARN_DIRECT_OBJC_ISA_USAGE = YES_ERROR;
				CLANG_WARN_DOCUMENTATION_COMMENTS = YES;
				CLANG_WARN_EMPTY_BODY = YES;
				CLANG_WARN_ENUM_CONVERSION = YES;
				CLANG_WARN_INFINITE_RECURSION = YES;
				CLANG_WARN_INT_CONVERSION = YES;
				CLANG_WARN_NON_LITERAL_NULL_CONVERSION = YES;
				CLANG_WARN_OBJC_IMPLICIT_RETAIN_SELF = YES;
				CLANG_WARN_OBJC_LITERAL_CONVERSION = YES;
				CLANG_WARN_OBJC_ROOT_CLASS = YES_ERROR;
				CLANG_WARN_QUOTED_INCLUDE_IN_FRAMEWORK_HEADER = YES;
				CLANG_WARN_RANGE_LOOP_ANALYSIS = YES;
				CLANG_WARN_STRICT_PROTOTYPES = YES;
				CLANG_WARN_SUSPICIOUS_MOVE = YES;
				CLANG_WARN_UNGUARDED_AVAILABILITY = YES_AGGRESSIVE;
				CLANG_WARN_UNREACHABLE_CODE = YES;
				CLANG_WARN__DUPLICATE_METHOD_MATCH = YES;
				COPY_PHASE_STRIP = NO;
				DEBUG_INFORMATION_FORMAT = dwarf;
				ENABLE_STRICT_OBJC_MSGSEND = YES;
				ENABLE_TESTABILITY = YES;
				GCC_C_LANGUAGE_STANDARD = gnu11;
				GCC_DYNAMIC_NO_PIC = NO;
				GCC_NO_COMMON_BLOCKS = YES;
				GCC_OPTIMIZATION_LEVEL = 0;
				GCC_PREPROCESSOR_DEFINITIONS = (
					"DEBUG=1",
					"$(inherited)",
				);
				GCC_WARN_64_TO_32_BIT_CONVERSION = YES;
				GCC_WARN_ABOUT_RETURN_TYPE = YES_ERROR;
				GCC_WARN_UNDECLARED_SELECTOR = YES;
				GCC_WARN_UNINITIALIZED_AUTOS = YES_AGGRESSIVE;
				GCC_WARN_UNUSED_FUNCTION = YES;
				GCC_WARN_UNUSED_VARIABLE = YES;
				MTL_ENABLE_DEBUG_INFO = INCLUDE_SOURCE;
				MTL_FAST_MATH = YES;
				ONLY_ACTIVE_ARCH = YES;
				SWIFT_ACTIVE_COMPILATION_CONDITIONS = DEBUG;
				SWIFT_OPTIMIZATION_LEVEL = "-Onone";
			};
			name = Debug;
		};
		CAB476712A65820D0076FCB0 /* Release */ = {
			isa = XCBuildConfiguration;
			buildSettings = {
				ALWAYS_SEARCH_USER_PATHS = NO;
				CLANG_ANALYZER_NONNULL = YES;
				CLANG_ANALYZER_NUMBER_OBJECT_CONVERSION = YES_AGGRESSIVE;
				CLANG_CXX_LANGUAGE_STANDARD = "gnu++20";
				CLANG_ENABLE_MODULES = YES;
				CLANG_ENABLE_OBJC_ARC = YES;
				CLANG_ENABLE_OBJC_WEAK = YES;
				CLANG_WARN_BLOCK_CAPTURE_AUTORELEASING = YES;
				CLANG_WARN_BOOL_CONVERSION = YES;
				CLANG_WARN_COMMA = YES;
				CLANG_WARN_CONSTANT_CONVERSION = YES;
				CLANG_WARN_DEPRECATED_OBJC_IMPLEMENTATIONS = YES;
				CLANG_WARN_DIRECT_OBJC_ISA_USAGE = YES_ERROR;
				CLANG_WARN_DOCUMENTATION_COMMENTS = YES;
				CLANG_WARN_EMPTY_BODY = YES;
				CLANG_WARN_ENUM_CONVERSION = YES;
				CLANG_WARN_INFINITE_RECURSION = YES;
				CLANG_WARN_INT_CONVERSION = YES;
				CLANG_WARN_NON_LITERAL_NULL_CONVERSION = YES;
				CLANG_WARN_OBJC_IMPLICIT_RETAIN_SELF = YES;
				CLANG_WARN_OBJC_LITERAL_CONVERSION = YES;
				CLANG_WARN_OBJC_ROOT_CLASS = YES_ERROR;
				CLANG_WARN_QUOTED_INCLUDE_IN_FRAMEWORK_HEADER = YES;
				CLANG_WARN_RANGE_LOOP_ANALYSIS = YES;
				CLANG_WARN_STRICT_PROTOTYPES = YES;
				CLANG_WARN_SUSPICIOUS_MOVE = YES;
				CLANG_WARN_UNGUARDED_AVAILABILITY = YES_AGGRESSIVE;
				CLANG_WARN_UNREACHABLE_CODE = YES;
				CLANG_WARN__DUPLICATE_METHOD_MATCH = YES;
				COPY_PHASE_STRIP = NO;
				DEBUG_INFORMATION_FORMAT = "dwarf-with-dsym";
				ENABLE_NS_ASSERTIONS = NO;
				ENABLE_STRICT_OBJC_MSGSEND = YES;
				GCC_C_LANGUAGE_STANDARD = gnu11;
				GCC_NO_COMMON_BLOCKS = YES;
				GCC_WARN_64_TO_32_BIT_CONVERSION = YES;
				GCC_WARN_ABOUT_RETURN_TYPE = YES_ERROR;
				GCC_WARN_UNDECLARED_SELECTOR = YES;
				GCC_WARN_UNINITIALIZED_AUTOS = YES_AGGRESSIVE;
				GCC_WARN_UNUSED_FUNCTION = YES;
				GCC_WARN_UNUSED_VARIABLE = YES;
				MTL_ENABLE_DEBUG_INFO = NO;
				MTL_FAST_MATH = YES;
				SWIFT_COMPILATION_MODE = wholemodule;
				SWIFT_OPTIMIZATION_LEVEL = "-O";
			};
			name = Release;
		};
		CAB476732A65820D0076FCB0 /* Debug */ = {
			isa = XCBuildConfiguration;
			buildSettings = {
				ASSETCATALOG_COMPILER_APPICON_NAME = AppIcon;
				ASSETCATALOG_COMPILER_GLOBAL_ACCENT_COLOR_NAME = AccentColor;
				CODE_SIGN_ENTITLEMENTS = "Cuenta+/Cuenta_.entitlements";
				CODE_SIGN_STYLE = Automatic;
				CURRENT_PROJECT_VERSION = 1;
				DEVELOPMENT_ASSET_PATHS = "\"Cuenta+/Preview Content\"";
				DEVELOPMENT_TEAM = 99P58JGMRN;
				ENABLE_HARDENED_RUNTIME = YES;
				ENABLE_PREVIEWS = YES;
				GENERATE_INFOPLIST_FILE = YES;
				"INFOPLIST_KEY_UIApplicationSceneManifest_Generation[sdk=iphoneos*]" = YES;
				"INFOPLIST_KEY_UIApplicationSceneManifest_Generation[sdk=iphonesimulator*]" = YES;
				"INFOPLIST_KEY_UIApplicationSupportsIndirectInputEvents[sdk=iphoneos*]" = YES;
				"INFOPLIST_KEY_UIApplicationSupportsIndirectInputEvents[sdk=iphonesimulator*]" = YES;
				"INFOPLIST_KEY_UILaunchScreen_Generation[sdk=iphoneos*]" = YES;
				"INFOPLIST_KEY_UILaunchScreen_Generation[sdk=iphonesimulator*]" = YES;
				"INFOPLIST_KEY_UIStatusBarStyle[sdk=iphoneos*]" = UIStatusBarStyleDefault;
				"INFOPLIST_KEY_UIStatusBarStyle[sdk=iphonesimulator*]" = UIStatusBarStyleDefault;
				INFOPLIST_KEY_UISupportedInterfaceOrientations_iPad = "UIInterfaceOrientationPortrait UIInterfaceOrientationPortraitUpsideDown UIInterfaceOrientationLandscapeLeft UIInterfaceOrientationLandscapeRight";
				INFOPLIST_KEY_UISupportedInterfaceOrientations_iPhone = "UIInterfaceOrientationPortrait UIInterfaceOrientationLandscapeLeft UIInterfaceOrientationLandscapeRight";
				IPHONEOS_DEPLOYMENT_TARGET = 16.4;
				LD_RUNPATH_SEARCH_PATHS = "@executable_path/Frameworks";
				"LD_RUNPATH_SEARCH_PATHS[sdk=macosx*]" = "@executable_path/../Frameworks";
				MACOSX_DEPLOYMENT_TARGET = 13.3;
				MARKETING_VERSION = 1.0;
				PRODUCT_BUNDLE_IDENTIFIER = "com.mana.Cuenta-";
				PRODUCT_NAME = "$(TARGET_NAME)";
				SDKROOT = auto;
				SUPPORTED_PLATFORMS = "iphoneos iphonesimulator macosx";
				SWIFT_EMIT_LOC_STRINGS = YES;
				SWIFT_VERSION = 5.0;
				TARGETED_DEVICE_FAMILY = "1,2";
			};
			name = Debug;
		};
		CAB476742A65820D0076FCB0 /* Release */ = {
			isa = XCBuildConfiguration;
			buildSettings = {
				ASSETCATALOG_COMPILER_APPICON_NAME = AppIcon;
				ASSETCATALOG_COMPILER_GLOBAL_ACCENT_COLOR_NAME = AccentColor;
				CODE_SIGN_ENTITLEMENTS = "Cuenta+/Cuenta_.entitlements";
				CODE_SIGN_STYLE = Automatic;
				CURRENT_PROJECT_VERSION = 1;
				DEVELOPMENT_ASSET_PATHS = "\"Cuenta+/Preview Content\"";
				DEVELOPMENT_TEAM = 99P58JGMRN;
				ENABLE_HARDENED_RUNTIME = YES;
				ENABLE_PREVIEWS = YES;
				GENERATE_INFOPLIST_FILE = YES;
				"INFOPLIST_KEY_UIApplicationSceneManifest_Generation[sdk=iphoneos*]" = YES;
				"INFOPLIST_KEY_UIApplicationSceneManifest_Generation[sdk=iphonesimulator*]" = YES;
				"INFOPLIST_KEY_UIApplicationSupportsIndirectInputEvents[sdk=iphoneos*]" = YES;
				"INFOPLIST_KEY_UIApplicationSupportsIndirectInputEvents[sdk=iphonesimulator*]" = YES;
				"INFOPLIST_KEY_UILaunchScreen_Generation[sdk=iphoneos*]" = YES;
				"INFOPLIST_KEY_UILaunchScreen_Generation[sdk=iphonesimulator*]" = YES;
				"INFOPLIST_KEY_UIStatusBarStyle[sdk=iphoneos*]" = UIStatusBarStyleDefault;
				"INFOPLIST_KEY_UIStatusBarStyle[sdk=iphonesimulator*]" = UIStatusBarStyleDefault;
				INFOPLIST_KEY_UISupportedInterfaceOrientations_iPad = "UIInterfaceOrientationPortrait UIInterfaceOrientationPortraitUpsideDown UIInterfaceOrientationLandscapeLeft UIInterfaceOrientationLandscapeRight";
				INFOPLIST_KEY_UISupportedInterfaceOrientations_iPhone = "UIInterfaceOrientationPortrait UIInterfaceOrientationLandscapeLeft UIInterfaceOrientationLandscapeRight";
				IPHONEOS_DEPLOYMENT_TARGET = 16.4;
				LD_RUNPATH_SEARCH_PATHS = "@executable_path/Frameworks";
				"LD_RUNPATH_SEARCH_PATHS[sdk=macosx*]" = "@executable_path/../Frameworks";
				MACOSX_DEPLOYMENT_TARGET = 13.3;
				MARKETING_VERSION = 1.0;
				PRODUCT_BUNDLE_IDENTIFIER = "com.mana.Cuenta-";
				PRODUCT_NAME = "$(TARGET_NAME)";
				SDKROOT = auto;
				SUPPORTED_PLATFORMS = "iphoneos iphonesimulator macosx";
				SWIFT_EMIT_LOC_STRINGS = YES;
				SWIFT_VERSION = 5.0;
				TARGETED_DEVICE_FAMILY = "1,2";
			};
			name = Release;
		};
		CAB476762A65820D0076FCB0 /* Debug */ = {
			isa = XCBuildConfiguration;
			buildSettings = {
				ALWAYS_EMBED_SWIFT_STANDARD_LIBRARIES = YES;
				BUNDLE_LOADER = "$(TEST_HOST)";
				CODE_SIGN_STYLE = Automatic;
				CURRENT_PROJECT_VERSION = 1;
				DEVELOPMENT_TEAM = 99P58JGMRN;
				GENERATE_INFOPLIST_FILE = YES;
				IPHONEOS_DEPLOYMENT_TARGET = 16.4;
				MACOSX_DEPLOYMENT_TARGET = 13.3;
				MARKETING_VERSION = 1.0;
				PRODUCT_BUNDLE_IDENTIFIER = "com.mana.Cuenta-Tests";
				PRODUCT_NAME = "$(TARGET_NAME)";
				SDKROOT = auto;
				SUPPORTED_PLATFORMS = "iphoneos iphonesimulator macosx";
				SWIFT_EMIT_LOC_STRINGS = NO;
				SWIFT_VERSION = 5.0;
				TARGETED_DEVICE_FAMILY = "1,2";
				TEST_HOST = "$(BUILT_PRODUCTS_DIR)/Cuenta+.app/$(BUNDLE_EXECUTABLE_FOLDER_PATH)/Cuenta+";
			};
			name = Debug;
		};
		CAB476772A65820D0076FCB0 /* Release */ = {
			isa = XCBuildConfiguration;
			buildSettings = {
				ALWAYS_EMBED_SWIFT_STANDARD_LIBRARIES = YES;
				BUNDLE_LOADER = "$(TEST_HOST)";
				CODE_SIGN_STYLE = Automatic;
				CURRENT_PROJECT_VERSION = 1;
				DEVELOPMENT_TEAM = 99P58JGMRN;
				GENERATE_INFOPLIST_FILE = YES;
				IPHONEOS_DEPLOYMENT_TARGET = 16.4;
				MACOSX_DEPLOYMENT_TARGET = 13.3;
				MARKETING_VERSION = 1.0;
				PRODUCT_BUNDLE_IDENTIFIER = "com.mana.Cuenta-Tests";
				PRODUCT_NAME = "$(TARGET_NAME)";
				SDKROOT = auto;
				SUPPORTED_PLATFORMS = "iphoneos iphonesimulator macosx";
				SWIFT_EMIT_LOC_STRINGS = NO;
				SWIFT_VERSION = 5.0;
				TARGETED_DEVICE_FAMILY = "1,2";
				TEST_HOST = "$(BUILT_PRODUCTS_DIR)/Cuenta+.app/$(BUNDLE_EXECUTABLE_FOLDER_PATH)/Cuenta+";
			};
			name = Release;
		};
		CAB476792A65820D0076FCB0 /* Debug */ = {
			isa = XCBuildConfiguration;
			buildSettings = {
				ALWAYS_EMBED_SWIFT_STANDARD_LIBRARIES = YES;
				CODE_SIGN_STYLE = Automatic;
				CURRENT_PROJECT_VERSION = 1;
				DEVELOPMENT_TEAM = 99P58JGMRN;
				GENERATE_INFOPLIST_FILE = YES;
				IPHONEOS_DEPLOYMENT_TARGET = 16.4;
				MACOSX_DEPLOYMENT_TARGET = 13.3;
				MARKETING_VERSION = 1.0;
				PRODUCT_BUNDLE_IDENTIFIER = "com.mana.Cuenta-UITests";
				PRODUCT_NAME = "$(TARGET_NAME)";
				SDKROOT = auto;
				SUPPORTED_PLATFORMS = "iphoneos iphonesimulator macosx";
				SWIFT_EMIT_LOC_STRINGS = NO;
				SWIFT_VERSION = 5.0;
				TARGETED_DEVICE_FAMILY = "1,2";
				TEST_TARGET_NAME = "Cuenta+";
			};
			name = Debug;
		};
		CAB4767A2A65820D0076FCB0 /* Release */ = {
			isa = XCBuildConfiguration;
			buildSettings = {
				ALWAYS_EMBED_SWIFT_STANDARD_LIBRARIES = YES;
				CODE_SIGN_STYLE = Automatic;
				CURRENT_PROJECT_VERSION = 1;
				DEVELOPMENT_TEAM = 99P58JGMRN;
				GENERATE_INFOPLIST_FILE = YES;
				IPHONEOS_DEPLOYMENT_TARGET = 16.4;
				MACOSX_DEPLOYMENT_TARGET = 13.3;
				MARKETING_VERSION = 1.0;
				PRODUCT_BUNDLE_IDENTIFIER = "com.mana.Cuenta-UITests";
				PRODUCT_NAME = "$(TARGET_NAME)";
				SDKROOT = auto;
				SUPPORTED_PLATFORMS = "iphoneos iphonesimulator macosx";
				SWIFT_EMIT_LOC_STRINGS = NO;
				SWIFT_VERSION = 5.0;
				TARGETED_DEVICE_FAMILY = "1,2";
				TEST_TARGET_NAME = "Cuenta+";
			};
			name = Release;
		};
/* End XCBuildConfiguration section */

/* Begin XCConfigurationList section */
		CAB476482A65820C0076FCB0 /* Build configuration list for PBXProject "Cuenta+" */ = {
			isa = XCConfigurationList;
			buildConfigurations = (
				CAB476702A65820D0076FCB0 /* Debug */,
				CAB476712A65820D0076FCB0 /* Release */,
			);
			defaultConfigurationIsVisible = 0;
			defaultConfigurationName = Release;
		};
		CAB476722A65820D0076FCB0 /* Build configuration list for PBXNativeTarget "Cuenta+" */ = {
			isa = XCConfigurationList;
			buildConfigurations = (
				CAB476732A65820D0076FCB0 /* Debug */,
				CAB476742A65820D0076FCB0 /* Release */,
			);
			defaultConfigurationIsVisible = 0;
			defaultConfigurationName = Release;
		};
		CAB476752A65820D0076FCB0 /* Build configuration list for PBXNativeTarget "Cuenta+Tests" */ = {
			isa = XCConfigurationList;
			buildConfigurations = (
				CAB476762A65820D0076FCB0 /* Debug */,
				CAB476772A65820D0076FCB0 /* Release */,
			);
			defaultConfigurationIsVisible = 0;
			defaultConfigurationName = Release;
		};
		CAB476782A65820D0076FCB0 /* Build configuration list for PBXNativeTarget "Cuenta+UITests" */ = {
			isa = XCConfigurationList;
			buildConfigurations = (
				CAB476792A65820D0076FCB0 /* Debug */,
				CAB4767A2A65820D0076FCB0 /* Release */,
			);
			defaultConfigurationIsVisible = 0;
			defaultConfigurationName = Release;
		};
/* End XCConfigurationList section */

/* Begin XCRemoteSwiftPackageReference section */
		CA7902292A98C4A7002F4E60 /* XCRemoteSwiftPackageReference "swift-snapshot-testing" */ = {
			isa = XCRemoteSwiftPackageReference;
			repositoryURL = "https://github.com/pointfreeco/swift-snapshot-testing";
			requirement = {
				kind = upToNextMajorVersion;
				minimumVersion = 1.0.0;
			};
		};
/* End XCRemoteSwiftPackageReference section */

/* Begin XCSwiftPackageProductDependency section */
		CA79022A2A98C4A7002F4E60 /* SnapshotTesting */ = {
			isa = XCSwiftPackageProductDependency;
			package = CA7902292A98C4A7002F4E60 /* XCRemoteSwiftPackageReference "swift-snapshot-testing" */;
			productName = SnapshotTesting;
		};
		CA79022D2A98C5E8002F4E60 /* SnapshotTesting */ = {
			isa = XCSwiftPackageProductDependency;
			package = CA7902292A98C4A7002F4E60 /* XCRemoteSwiftPackageReference "swift-snapshot-testing" */;
			productName = SnapshotTesting;
		};
/* End XCSwiftPackageProductDependency section */
	};
	rootObject = CAB476452A65820C0076FCB0 /* Project object */;
}
